
Microsoft Visual Studio Solution File, Format Version 12.00
# Visual Studio Version 16
VisualStudioVersion = 16.0.28917.181
MinimumVisualStudioVersion = 10.0.40219.1
Project("{FAE04EC0-301F-11D3-BF4B-00C04F79EFBC}") = "FlowMeter", "FlowMeter\FlowMeter.csproj", "{BE26A603-69CC-4C2A-85B9-6032136E7BDB}"
EndProject
Project("{FAE04EC0-301F-11D3-BF4B-00C04F79EFBC}") = "Ald.SerialPort.Configuration", "Ald.SerialPort.Configuration\Ald.SerialPort.Configuration.csproj", "{5D744B44-3948-4CF8-93C4-A312A2EB61DE}"
EndProject
Global
	GlobalSection(SolutionConfigurationPlatforms) = preSolution
		Debug|Any CPU = Debug|Any CPU
		Release|Any CPU = Release|Any CPU
	EndGlobalSection
	GlobalSection(ProjectConfigurationPlatforms) = postSolution
		{BE26A603-69CC-4C2A-85B9-6032136E7BDB}.Debug|Any CPU.ActiveCfg = Debug|Any CPU
		{BE26A603-69CC-4C2A-85B9-6032136E7BDB}.Debug|Any CPU.Build.0 = Debug|Any CPU
		{BE26A603-69CC-4C2A-85B9-6032136E7BDB}.Release|Any CPU.ActiveCfg = Release|Any CPU
		{BE26A603-69CC-4C2A-85B9-6032136E7BDB}.Release|Any CPU.Build.0 = Release|Any CPU
		{5D744B44-3948-4CF8-93C4-A312A2EB61DE}.Debug|Any CPU.ActiveCfg = Debug|Any CPU
		{5D744B44-3948-4CF8-93C4-A312A2EB61DE}.Debug|Any CPU.Build.0 = Debug|Any CPU
		{5D744B44-3948-4CF8-93C4-A312A2EB61DE}.Release|Any CPU.ActiveCfg = Release|Any CPU
		{5D744B44-3948-4CF8-93C4-A312A2EB61DE}.Release|Any CPU.Build.0 = Release|Any CPU
	EndGlobalSection
	GlobalSection(SolutionProperties) = preSolution
		HideSolutionNode = FALSE
	EndGlobalSection
	GlobalSection(ExtensibilityGlobals) = postSolution
		SolutionGuid = {1FA5F9F3-C12D-43B3-8BE2-EFC687D6D975}
	EndGlobalSection
EndGlobal
